
Microsoft Visual Studio Solution File, Format Version 12.00
# Visual Studio Version 17
VisualStudioVersion = 17.10.34916.146
MinimumVisualStudioVersion = 10.0.40219.1
Project("{FAE04EC0-301F-11D3-BF4B-00C04F79EFBC}") = "WinFormsApp5", "WinFormsApp5\WinFormsApp5.csproj", "{4298D23A-8895-480A-B19F-1946B3B229E1}"
EndProject
Global
	GlobalSection(SolutionConfigurationPlatforms) = preSolution
		Debug|Any CPU = Debug|Any CPU
		Release|Any CPU = Release|Any CPU
	EndGlobalSection
	GlobalSection(ProjectConfigurationPlatforms) = postSolution
		{4298D23A-8895-480A-B19F-1946B3B229E1}.Debug|Any CPU.ActiveCfg = Debug|Any CPU
		{4298D23A-8895-480A-B19F-1946B3B229E1}.Debug|Any CPU.Build.0 = Debug|Any CPU
		{4298D23A-8895-480A-B19F-1946B3B229E1}.Release|Any CPU.ActiveCfg = Release|Any CPU
		{4298D23A-8895-480A-B19F-1946B3B229E1}.Release|Any CPU.Build.0 = Release|Any CPU
	EndGlobalSection
	GlobalSection(SolutionProperties) = preSolution
		HideSolutionNode = FALSE
	EndGlobalSection
	GlobalSection(ExtensibilityGlobals) = postSolution
		SolutionGuid = {A530370C-6499-4341-A2C4-821D6D62914A}
	EndGlobalSection
EndGlobal
